
Microsoft Visual Studio Solution File, Format Version 12.00
Project("{FAE04EC0-301F-11D3-BF4B-00C04F79EFBC}") = "MergeSlides", "MergeSlides\MergeSlides.csproj", "{C88CB460-036B-4DEF-9B17-87B58CB431F4}"
EndProject
Global
	GlobalSection(SolutionConfigurationPlatforms) = preSolution
		Debug|Any CPU = Debug|Any CPU
		Release|Any CPU = Release|Any CPU
	EndGlobalSection
	GlobalSection(ProjectConfigurationPlatforms) = postSolution
		{C88CB460-036B-4DEF-9B17-87B58CB431F4}.Debug|Any CPU.ActiveCfg = Debug|Any CPU
		{C88CB460-036B-4DEF-9B17-87B58CB431F4}.Debug|Any CPU.Build.0 = Debug|Any CPU
		{C88CB460-036B-4DEF-9B17-87B58CB431F4}.Release|Any CPU.ActiveCfg = Release|Any CPU
		{C88CB460-036B-4DEF-9B17-87B58CB431F4}.Release|Any CPU.Build.0 = Release|Any CPU
	EndGlobalSection
EndGlobal
